
Microsoft Visual Studio Solution File, Format Version 12.00
# Visual Studio Version 16
VisualStudioVersion = 16.0.30002.166
MinimumVisualStudioVersion = 10.0.40219.1
Project("{8BC9CEB8-8B4A-11D0-8D11-00A0C91BC942}") = "QFrameLessWidget_Alime", "QFrameLessWidget_Alime.vcxproj", "{BD685145-F3D1-4615-BBEB-063E8484610F}"
EndProject
Project("{8BC9CEB8-8B4A-11D0-8D11-00A0C91BC942}") = "http", "..\http\http.vcxproj", "{32AA29BF-1D95-3972-B794-8B130F5E58B1}"
EndProject
Project("{8BC9CEB8-8B4A-11D0-8D11-00A0C91BC942}") = "AliCloudDemo", "..\AliCloudDemo\AliCloudDemo.vcxproj", "{F0C69317-82BA-44D6-80B7-A6157ACF38EA}"
EndProject
Project("{8BC9CEB8-8B4A-11D0-8D11-00A0C91BC942}") = "Article-PushingTool", "..\Article-PushingTool\Article-PushingTool.vcxproj", "{11DD0231-7A6E-4E41-977B-A9D5D16E7B9E}"
EndProject
Project("{8BC9CEB8-8B4A-11D0-8D11-00A0C91BC942}") = "Alime_Ribbon", "..\Alime_Ribbon\Alime_Ribbon.vcxproj", "{226D90C8-4CED-46A4-91EE-02EB7821033D}"
EndProject
Project("{8BC9CEB8-8B4A-11D0-8D11-00A0C91BC942}") = "unitTest", "..\unitTest\unitTest.vcxproj", "{EE12E643-B78F-48A2-A5E7-A7BBBEC79F51}"
EndProject
Global
	GlobalSection(SolutionConfigurationPlatforms) = preSolution
		Debug|x64 = Debug|x64
		Debug|x86 = Debug|x86
		Release|x64 = Release|x64
		Release|x86 = Release|x86
	EndGlobalSection
	GlobalSection(ProjectConfigurationPlatforms) = postSolution
		{BD685145-F3D1-4615-BBEB-063E8484610F}.Debug|x64.ActiveCfg = Debug|Win32
		{BD685145-F3D1-4615-BBEB-063E8484610F}.Debug|x86.ActiveCfg = Debug|Win32
		{BD685145-F3D1-4615-BBEB-063E8484610F}.Debug|x86.Build.0 = Debug|Win32
		{BD685145-F3D1-4615-BBEB-063E8484610F}.Release|x64.ActiveCfg = Release|Win32
		{BD685145-F3D1-4615-BBEB-063E8484610F}.Release|x86.ActiveCfg = Release|Win32
		{BD685145-F3D1-4615-BBEB-063E8484610F}.Release|x86.Build.0 = Release|Win32
		{32AA29BF-1D95-3972-B794-8B130F5E58B1}.Debug|x64.ActiveCfg = Debug|Win32
		{32AA29BF-1D95-3972-B794-8B130F5E58B1}.Debug|x86.ActiveCfg = Debug|Win32
		{32AA29BF-1D95-3972-B794-8B130F5E58B1}.Debug|x86.Build.0 = Debug|Win32
		{32AA29BF-1D95-3972-B794-8B130F5E58B1}.Release|x64.ActiveCfg = Release|Win32
		{32AA29BF-1D95-3972-B794-8B130F5E58B1}.Release|x86.ActiveCfg = Release|Win32
		{32AA29BF-1D95-3972-B794-8B130F5E58B1}.Release|x86.Build.0 = Release|Win32
		{F0C69317-82BA-44D6-80B7-A6157ACF38EA}.Debug|x64.ActiveCfg = Debug|x64
		{F0C69317-82BA-44D6-80B7-A6157ACF38EA}.Debug|x64.Build.0 = Debug|x64
		{F0C69317-82BA-44D6-80B7-A6157ACF38EA}.Debug|x86.ActiveCfg = Debug|Win32
		{F0C69317-82BA-44D6-80B7-A6157ACF38EA}.Debug|x86.Build.0 = Debug|Win32
		{F0C69317-82BA-44D6-80B7-A6157ACF38EA}.Release|x64.ActiveCfg = Release|x64
		{F0C69317-82BA-44D6-80B7-A6157ACF38EA}.Release|x64.Build.0 = Release|x64
		{F0C69317-82BA-44D6-80B7-A6157ACF38EA}.Release|x86.ActiveCfg = Release|Win32
		{F0C69317-82BA-44D6-80B7-A6157ACF38EA}.Release|x86.Build.0 = Release|Win32
		{11DD0231-7A6E-4E41-977B-A9D5D16E7B9E}.Debug|x64.ActiveCfg = Debug|x64
		{11DD0231-7A6E-4E41-977B-A9D5D16E7B9E}.Debug|x86.ActiveCfg = Debug|Win32
		{11DD0231-7A6E-4E41-977B-A9D5D16E7B9E}.Debug|x86.Build.0 = Debug|Win32
		{11DD0231-7A6E-4E41-977B-A9D5D16E7B9E}.Release|x64.ActiveCfg = Release|Win32
		{11DD0231-7A6E-4E41-977B-A9D5D16E7B9E}.Release|x86.ActiveCfg = Release|Win32
		{11DD0231-7A6E-4E41-977B-A9D5D16E7B9E}.Release|x86.Build.0 = Release|Win32
		{226D90C8-4CED-46A4-91EE-02EB7821033D}.Debug|x64.ActiveCfg = Debug|Win32
		{226D90C8-4CED-46A4-91EE-02EB7821033D}.Debug|x86.ActiveCfg = Debug|Win32
		{226D90C8-4CED-46A4-91EE-02EB7821033D}.Debug|x86.Build.0 = Debug|Win32
		{226D90C8-4CED-46A4-91EE-02EB7821033D}.Release|x64.ActiveCfg = Release|Win32
		{226D90C8-4CED-46A4-91EE-02EB7821033D}.Release|x86.ActiveCfg = Release|Win32
		{226D90C8-4CED-46A4-91EE-02EB7821033D}.Release|x86.Build.0 = Release|Win32
		{EE12E643-B78F-48A2-A5E7-A7BBBEC79F51}.Debug|x64.ActiveCfg = Debug|x64
		{EE12E643-B78F-48A2-A5E7-A7BBBEC79F51}.Debug|x64.Build.0 = Debug|x64
		{EE12E643-B78F-48A2-A5E7-A7BBBEC79F51}.Debug|x86.ActiveCfg = Debug|Win32
		{EE12E643-B78F-48A2-A5E7-A7BBBEC79F51}.Debug|x86.Build.0 = Debug|Win32
		{EE12E643-B78F-48A2-A5E7-A7BBBEC79F51}.Release|x64.ActiveCfg = Release|x64
		{EE12E643-B78F-48A2-A5E7-A7BBBEC79F51}.Release|x64.Build.0 = Release|x64
		{EE12E643-B78F-48A2-A5E7-A7BBBEC79F51}.Release|x86.ActiveCfg = Release|Win32
		{EE12E643-B78F-48A2-A5E7-A7BBBEC79F51}.Release|x86.Build.0 = Release|Win32
	EndGlobalSection
	GlobalSection(SolutionProperties) = preSolution
		HideSolutionNode = FALSE
	EndGlobalSection
	GlobalSection(ExtensibilityGlobals) = postSolution
		SolutionGuid = {5617F145-7F7E-4B3F-83F1-AA156AA0CA47}
	EndGlobalSection
EndGlobal
