<?xml version="1.0" encoding="utf-8"?>
<Project ToolsVersion="4.0" xmlns="http://schemas.microsoft.com/developer/msbuild/2003">
  <ItemGroup>
    <Filter Include="Source Files">
      <UniqueIdentifier>{4FC737F1-C7A5-4376-A066-2A32D752A2FF}</UniqueIdentifier>
      <Extensions>cpp;c;cc;cxx;def;odl;idl;hpj;bat;asm;asmx</Extensions>
    </Filter>
    <Filter Include="Header Files">
      <UniqueIdentifier>{93995380-89BD-4b04-88EB-625FBE52EBFB}</UniqueIdentifier>
      <Extensions>h;hh;hpp;hxx;hm;inl;inc;xsd</Extensions>
    </Filter>
    <Filter Include="Resource Files">
      <UniqueIdentifier>{67DA6AB6-F800-4c08-8B7A-83BB121AAD01}</UniqueIdentifier>
      <Extensions>rc;ico;cur;bmp;dlg;rc2;rct;bin;rgs;gif;jpg;jpeg;jpe;resx;tiff;tif;png;wav;mfcribbon-ms</Extensions>
    </Filter>
    <Filter Include="Form Files">
      <UniqueIdentifier>{99349809-55BA-4b9d-BF79-8FDBB0286EB3}</UniqueIdentifier>
      <Extensions>ui</Extensions>
    </Filter>
    <Filter Include="Resource Files">
      <UniqueIdentifier>{D9D6E242-F8AF-46E4-B9FD-80ECBC20BA3E}</UniqueIdentifier>
      <Extensions>qrc;*</Extensions>
      <ParseFiles>false</ParseFiles>
    </Filter>
  </ItemGroup>
  <ItemGroup>
    <QtRcc Include="QFrameLessWidget_Alime.qrc">
      <Filter>Resource Files</Filter>
    </QtRcc>
    <QtUic Include="QFrameLessWidget_Alime.ui">
      <Filter>Resource Files</Filter>
    </QtUic>
    <QtMoc Include="QFrameLessWidget_Alime.h">
      <Filter>Header Files</Filter>
    </QtMoc>
  </ItemGroup>
  <ItemGroup>
    <ClCompile Include="main.cpp">
      <Filter>Source Files</Filter>
    </ClCompile>
    <ClCompile Include="Alime_TitleBar.cpp">
      <Filter>Source Files</Filter>
    </ClCompile>
    <ClCompile Include="Alime_WindowBase.cpp">
      <Filter>Source Files</Filter>
    </ClCompile>
    <ClCompile Include="Alime_TransparentWidget.cpp">
      <Filter>Source Files</Filter>
    </ClCompile>
    <ClCompile Include="Alime_ContentWidget.cpp">
      <Filter>Source Files</Filter>
    </ClCompile>
    <ClCompile Include="QFrameLessWidget_Alime.cpp">
      <Filter>Source Files</Filter>
    </ClCompile>
    <ClCompile Include="Alime\time\Duration.cpp">
      <Filter>Source Files</Filter>
    </ClCompile>
    <ClCompile Include="Alime\time\TimeStamp.cpp">
      <Filter>Source Files</Filter>
    </ClCompile>
    <ClCompile Include="DownloadInfoWidget.cpp">
      <Filter>Source Files</Filter>
    </ClCompile>
    <ClCompile Include="AppUtility.cpp">
      <Filter>Source Files</Filter>
    </ClCompile>
    <ClCompile Include="ConfigFileRW.cpp">
      <Filter>Source Files</Filter>
    </ClCompile>
    <ClCompile Include="String_utility.cpp">
      <Filter>Source Files</Filter>
    </ClCompile>
    <ClCompile Include="SetupImageWidget.cpp">
      <Filter>Source Files</Filter>
    </ClCompile>
    <ClCompile Include="TaskThread.cpp">
      <Filter>Source Files</Filter>
    </ClCompile>
    <ClCompile Include="alternative\FolderCompare.cpp">
      <Filter>Source Files</Filter>
    </ClCompile>
    <ClCompile Include="alternative\FakePackage.cpp">
      <Filter>Source Files</Filter>
    </ClCompile>
    <ClCompile Include="alternative\WebFiles.cpp">
      <Filter>Source Files</Filter>
    </ClCompile>
    <ClCompile Include="alternative\FolderDownLoadInfoWidget.cpp">
      <Filter>Source Files</Filter>
    </ClCompile>
    <ClCompile Include="AlimeQLib\QtAlimeStyle.cpp">
      <Filter>Source Files</Filter>
    </ClCompile>
    <ClCompile Include="AlimeQLib\QtAlimeTheme.cpp">
      <Filter>Source Files</Filter>
    </ClCompile>
    <ClCompile Include="AlimeQLib\QtAlimeImageButton.cpp">
      <Filter>Source Files</Filter>
    </ClCompile>
    <ClCompile Include="AlimeQLib\QtAlimeOverlayWidget.cpp">
      <Filter>Source Files</Filter>
    </ClCompile>
    <ClCompile Include="AlimeQLib\QtAlimeRipple.cpp">
      <Filter>Source Files</Filter>
    </ClCompile>
    <ClCompile Include="AlimeQLib\QtAlimeRippleOverlay.cpp">
      <Filter>Source Files</Filter>
    </ClCompile>
    <ClCompile Include="AlimeQLib\details\QtAlimeStylePrivate.cpp">
      <Filter>Source Files</Filter>
    </ClCompile>
    <ClCompile Include="AlimeQLib\details\QtAlimeImageButtonPrivate.cpp">
      <Filter>Source Files</Filter>
    </ClCompile>
    <ClCompile Include="AlimeQLib\QtAlimeRippleHelper.cpp">
      <Filter>Source Files</Filter>
    </ClCompile>
    <ClCompile Include="thirdParty\zlib\UnZip.cpp">
      <Filter>Source Files</Filter>
    </ClCompile>
  </ItemGroup>
  <ItemGroup>
    <QtMoc Include="Alime_WindowBase.h">
      <Filter>Header Files</Filter>
    </QtMoc>
    <QtMoc Include="Alime_TitleBar.h">
      <Filter>Header Files</Filter>
    </QtMoc>
    <QtMoc Include="Alime_TransparentWidget.h">
      <Filter>Header Files</Filter>
    </QtMoc>
    <QtMoc Include="Alime_ContentWidget.h">
      <Filter>Header Files</Filter>
    </QtMoc>
    <QtMoc Include="DownloadInfoWidget.h">
      <Filter>Header Files</Filter>
    </QtMoc>
    <QtMoc Include="TaskThread.h">
      <Filter>Header Files</Filter>
    </QtMoc>
    <QtMoc Include="SetupImageWidget.h">
      <Filter>Header Files</Filter>
    </QtMoc>
    <QtMoc Include="alternative\FolderDownloadInfoWidget.h">
      <Filter>Header Files</Filter>
    </QtMoc>
    <QtMoc Include="AlimeQLib\QtAlimeStyle.h">
      <Filter>Header Files</Filter>
    </QtMoc>
    <QtMoc Include="AlimeQLib\QtAlimeTheme.h">
      <Filter>Header Files</Filter>
    </QtMoc>
    <QtMoc Include="AlimeQLib\QtAlimeImageButton.h">
      <Filter>Header Files</Filter>
    </QtMoc>
    <QtMoc Include="AlimeQLib\QtAlimeOverlayWidget.h">
      <Filter>Header Files</Filter>
    </QtMoc>
    <QtMoc Include="AlimeQLib\QtAlimeRipple.h">
      <Filter>Header Files</Filter>
    </QtMoc>
    <QtMoc Include="AlimeQLib\QtAlimeRippleOverlay.h">
      <Filter>Header Files</Filter>
    </QtMoc>
  </ItemGroup>
  <ItemGroup>
    <None Include="qss\dark.qss" />
    <None Include="images\microsoft.svg" />
    <None Include="qss\blue.qss" />
  </ItemGroup>
  <ItemGroup>
    <ClInclude Include="QssLoader.h">
      <Filter>Header Files</Filter>
    </ClInclude>
    <ClInclude Include="thirdParty\nlohmann\json.hpp">
      <Filter>Header Files</Filter>
    </ClInclude>
    <ClInclude Include="VersionFileFinder.h">
      <Filter>Header Files</Filter>
    </ClInclude>
    <ClInclude Include="Alime\time\Duration.h">
      <Filter>Header Files</Filter>
    </ClInclude>
    <ClInclude Include="Alime\time\GetTimeOfDay.h">
      <Filter>Header Files</Filter>
    </ClInclude>
    <ClInclude Include="Alime\time\Timestamp.h">
      <Filter>Header Files</Filter>
    </ClInclude>
    <ClInclude Include="Alime\ScopeGuard.h">
      <Filter>Header Files</Filter>
    </ClInclude>
    <ClInclude Include="AppVersion.h">
      <Filter>Header Files</Filter>
    </ClInclude>
    <ClInclude Include="String_utility.h">
      <Filter>Header Files</Filter>
    </ClInclude>
    <ClInclude Include="AppUtility.h">
      <Filter>Header Files</Filter>
    </ClInclude>
    <ClInclude Include="ConfigFileRW.h">
      <Filter>Header Files</Filter>
    </ClInclude>
    <ClInclude Include="SetupHelper.h">
      <Filter>Header Files</Filter>
    </ClInclude>
    <ClInclude Include="Alime\processIterator.h">
      <Filter>Header Files</Filter>
    </ClInclude>
    <ClInclude Include="alternative\FolderCompare.h">
      <Filter>Header Files</Filter>
    </ClInclude>
    <ClInclude Include="alternative\FakePackage.h">
      <Filter>Header Files</Filter>
    </ClInclude>
    <ClInclude Include="alternative\WebFiles.h">
      <Filter>Header Files</Filter>
    </ClInclude>
    <ClInclude Include="AlimeQLib\details\QtAlimeImageButtonPrivate.h">
      <Filter>Header Files</Filter>
    </ClInclude>
    <ClInclude Include="AlimeQLib\details\QtAlimeStylePrivate.h">
      <Filter>Header Files</Filter>
    </ClInclude>
    <ClInclude Include="AlimeQLib\details\QtAlimeThemePrivate.h">
      <Filter>Header Files</Filter>
    </ClInclude>
    <ClInclude Include="AlimeQLib\QtAlimeRippleHelper.h">
      <Filter>Header Files</Filter>
    </ClInclude>
    <ClInclude Include="alternative\Md5Checker.h">
      <Filter>Header Files</Filter>
    </ClInclude>
    <ClInclude Include="AlimeQLib\QtAlimeProgressBar.h">
      <Filter>Header Files</Filter>
    </ClInclude>
    <ClInclude Include="thirdParty\zlib\UnZip.h">
      <Filter>Header Files</Filter>
    </ClInclude>
    <ClInclude Include="UnZipper.h">
      <Filter>Header Files</Filter>
    </ClInclude>
  </ItemGroup>
  <ItemGroup>
    <Image Include="images\close.png">
      <Filter>Resource Files</Filter>
    </Image>
    <Image Include="images\close-128.png">
      <Filter>Resource Files</Filter>
    </Image>
    <Image Include="images\close-blue.png">
      <Filter>Resource Files</Filter>
    </Image>
    <Image Include="images\close-gray.png">
      <Filter>Resource Files</Filter>
    </Image>
    <Image Include="images\deskop.png">
      <Filter>Resource Files</Filter>
    </Image>
    <Image Include="images\deskop-gray.png">
      <Filter>Resource Files</Filter>
    </Image>
    <Image Include="images\exe.png">
      <Filter>Resource Files</Filter>
    </Image>
    <Image Include="images\folder.png">
      <Filter>Resource Files</Filter>
    </Image>
    <Image Include="images\folder-blue.png">
      <Filter>Resource Files</Filter>
    </Image>
    <Image Include="images\iso.png">
      <Filter>Resource Files</Filter>
    </Image>
    <Image Include="images\max.png">
      <Filter>Resource Files</Filter>
    </Image>
    <Image Include="images\max-128.png">
      <Filter>Resource Files</Filter>
    </Image>
    <Image Include="images\menu.png">
      <Filter>Resource Files</Filter>
    </Image>
    <Image Include="images\min.png">
      <Filter>Resource Files</Filter>
    </Image>
    <Image Include="images\min-128.png">
      <Filter>Resource Files</Filter>
    </Image>
    <Image Include="images\my_doc.png">
      <Filter>Resource Files</Filter>
    </Image>
    <Image Include="images\my_doc-gray.png">
      <Filter>Resource Files</Filter>
    </Image>
    <Image Include="images\newFolder.png">
      <Filter>Resource Files</Filter>
    </Image>
    <Image Include="images\pause.png">
      <Filter>Resource Files</Filter>
    </Image>
    <Image Include="images\pause-blue.png">
      <Filter>Resource Files</Filter>
    </Image>
    <Image Include="images\pc.png">
      <Filter>Resource Files</Filter>
    </Image>
    <Image Include="images\pc-gray.png">
      <Filter>Resource Files</Filter>
    </Image>
    <Image Include="images\play.png">
      <Filter>Resource Files</Filter>
    </Image>
    <Image Include="images\play-blue.png">
      <Filter>Resource Files</Filter>
    </Image>
    <Image Include="images\reset.png">
      <Filter>Resource Files</Filter>
    </Image>
    <Image Include="images\restore-128.png">
      <Filter>Resource Files</Filter>
    </Image>
    <Image Include="images\search.png">
      <Filter>Resource Files</Filter>
    </Image>
    <Image Include="images\search-hover.png">
      <Filter>Resource Files</Filter>
    </Image>
    <Image Include="images\setup.png">
      <Filter>Resource Files</Filter>
    </Image>
    <Image Include="images\setup-blue.png">
      <Filter>Resource Files</Filter>
    </Image>
    <Image Include="images\upLayer.png">
      <Filter>Resource Files</Filter>
    </Image>
    <Image Include="images\zip.png">
      <Filter>Resource Files</Filter>
    </Image>
    <Image Include="images\PkpmV52.ico">
      <Filter>Resource Files</Filter>
    </Image>
    <Image Include="images\directory.png">
      <Filter>Resource Files</Filter>
    </Image>
    <Image Include="images\directory-blue.png">
      <Filter>Resource Files</Filter>
    </Image>
  </ItemGroup>
</Project>